# THIS IS AN AUTOGENERATED FILE. DO NOT EDIT THIS FILE DIRECTLY.
# yarn lockfile v1


"@esy-ocaml/esy-installer@^0.0.0":
  version "0.0.0"
  resolved "https://registry.yarnpkg.com/@esy-ocaml/esy-installer/-/esy-installer-0.0.0.tgz#6b0e2bd4ee43531ac74793fe55cfcc3aca197a66"

"@esy-ocaml/fauxpam@esy-ocaml/fauxpam":
  version "0.1.0"
  resolved "https://codeload.github.com/esy-ocaml/fauxpam/tar.gz/51342011810d848b823e41abdec8be3a7f4f9fce"
  dependencies:
    "@esy-ocaml/esy-installer" "^0.0.0"
    "@opam/jbuilder" "^1.0.0-beta14"
  peerDependencies:
    ocaml "*"

"@esy-ocaml/libffi@esy-ocaml/libffi#esy":
  version "3.2.10"
  resolved "https://codeload.github.com/esy-ocaml/libffi/tar.gz/14e1f863e929c3f8eaaa689cb724aa0c1c3e3f66"

"@esy-ocaml/merlin@3.0.5000":
  version "3.0.5000"
  resolved "https://registry.yarnpkg.com/@esy-ocaml/merlin/-/merlin-3.0.5000.tgz#febc3e5518e8bd5df6ed671ffb0f62892f4bfe7e"
  dependencies:
    "@esy-ocaml/esy-installer" "^0.0.0"
    "@esy-ocaml/substs" "^0.0.1"
    "@opam/ocamlfind" " >= 1.5.2"
    "@opam/yojson" "*"
  peerDependencies:
    ocaml " >= 4.2.1  < 4.7.0"

"@esy-ocaml/reason@^3.0.0":
  version "3.0.5"
  resolved "https://registry.yarnpkg.com/@esy-ocaml/reason/-/reason-3.0.5.tgz#7bf199d77461ab2a58f623aeaf6e3a1ce229ea19"
  dependencies:
    "@esy-ocaml/esy-installer" "^0.0.0"
    "@esy-ocaml/substs" "^0.0.1"
    "@opam/jbuilder" "*"
    "@opam/menhir" " >= 20170418.0.0  <= 20171013.0.0"
    "@opam/merlin-extend" " >= 0.3.0"
    "@opam/ocaml-migrate-parsetree" "*"
    "@opam/ocamlfind" ""
    "@opam/result" "=1.2.0"
    "@opam/utop" " >= 1.17.0"

"@esy-ocaml/sdl2@esy-ocaml/SDL-mirror#4c156f3b581296674a8e245bfaabdc0b8eb5e3c4":
  version "2.0.6000"
  resolved "https://codeload.github.com/esy-ocaml/SDL-mirror/tar.gz/4c156f3b581296674a8e245bfaabdc0b8eb5e3c4"

"@esy-ocaml/substs@^0.0.1":
  version "0.0.1"
  resolved "https://registry.yarnpkg.com/@esy-ocaml/substs/-/substs-0.0.1.tgz#59ebdbbaedcda123fc7ed8fb2b302b7d819e9a46"

"@opam/astring@*":
  version "0.8.3"
  uid b06f886359a1b349ab4c8361ea831085
  resolved "@opam/astring@0.8.3-b06f886359a1b349ab4c8361ea831085.tgz"
  dependencies:
    "@esy-ocaml/esy-installer" "^0.0.0"
    "@esy-ocaml/substs" "^0.0.1"
    "@opam/ocamlbuild" "*"
    "@opam/ocamlfind" "*"
    "@opam/topkg" "*"
  peerDependencies:
    ocaml " >= 4.1.0"

"@opam/base-bigarray@*":
  version "0.0.0-base"
  uid "86fdf7698c895387f5db16adc55f398f"
  resolved "@opam/base-bigarray@0.0.0-base-86fdf7698c895387f5db16adc55f398f.tgz"
  dependencies:
    "@esy-ocaml/esy-installer" "^0.0.0"
    "@esy-ocaml/substs" "^0.0.1"
  peerDependencies:
    ocaml "*"

"@opam/base-bytes@*":
  version "0.0.0-base"
  uid bacd2a20f40952db4c545687d27548ab
  resolved "@opam/base-bytes@0.0.0-base-bacd2a20f40952db4c545687d27548ab.tgz"
  dependencies:
    "@esy-ocaml/esy-installer" "^0.0.0"
    "@esy-ocaml/substs" "^0.0.1"
    "@opam/ocamlfind" " >= 1.5.3"
  peerDependencies:
    ocaml " >= 4.2.0"

"@opam/base-threads@*":
  version "0.0.0-base"
  uid "5601b815938b487242834ca2ddd7e3fc"
  resolved "@opam/base-threads@0.0.0-base-5601b815938b487242834ca2ddd7e3fc.tgz"
  dependencies:
    "@esy-ocaml/esy-installer" "^0.0.0"
    "@esy-ocaml/substs" "^0.0.1"
  peerDependencies:
    ocaml "*"

"@opam/base-unix@*":
  version "0.0.0-base"
  uid "04bc004c59f2edca849d38ea6891bb7f"
  resolved "@opam/base-unix@0.0.0-base-04bc004c59f2edca849d38ea6891bb7f.tgz"
  dependencies:
    "@esy-ocaml/esy-installer" "^0.0.0"
    "@esy-ocaml/substs" "^0.0.1"
  peerDependencies:
    ocaml "*"

"@opam/biniou@ >= 1.2.0":
  version "1.2.0"
  uid af4880e80be63bbb3043fb7184882eb8
  resolved "@opam/biniou@1.2.0-af4880e80be63bbb3043fb7184882eb8.tgz"
  dependencies:
    "@esy-ocaml/esy-installer" "^0.0.0"
    "@esy-ocaml/substs" "^0.0.1"
    "@opam/conf-which" "*"
    "@opam/easy-format" "*"
    "@opam/jbuilder" " >= 1.0.0-beta7"
  peerDependencies:
    ocaml " >= 4.2.3000"

"@opam/camlp4@*":
  version "4.6.0-1"
  uid ec9e71b1e73d101ab8ef9a66cc9035e7
  resolved "@opam/camlp4@4.6.0-1-ec9e71b1e73d101ab8ef9a66cc9035e7.tgz"
  dependencies:
    "@esy-ocaml/esy-installer" "^0.0.0"
    "@esy-ocaml/substs" "^0.0.1"
    "@opam/ocamlbuild" "*"
  peerDependencies:
    ocaml " >= 4.6.0  < 4.7.0"

"@opam/camomile@ >= 0.8.0", "@opam/camomile@*":
  version "0.8.7"
  uid c128e86f078793c4ef45907002f0cb86
  resolved "@opam/camomile@0.8.7-c128e86f078793c4ef45907002f0cb86.tgz"
  dependencies:
    "@esy-ocaml/esy-installer" "^0.0.0"
    "@esy-ocaml/substs" "^0.0.1"
    "@opam/base-bytes" "*"
    "@opam/camlp4" "*"
    "@opam/cppo" "*"
    "@opam/jbuilder" " >= 1.0.0-beta7"
  peerDependencies:
    ocaml " >= 4.2.3000"

"@opam/conf-m4@*":
  version "1.0.0"
  uid "97f0966b2e2652d02c0d9125781c31df"
  resolved "@opam/conf-m4@1.0.0-97f0966b2e2652d02c0d9125781c31df.tgz"
  dependencies:
    "@esy-ocaml/esy-installer" "^0.0.0"
    "@esy-ocaml/substs" "^0.0.1"
  peerDependencies:
    ocaml "*"

"@opam/conf-pkg-config@*":
  version "1.0.0"
  uid "20a6ddadf5edc6719d07685f4b45d22e"
  resolved "@opam/conf-pkg-config@1.0.0-20a6ddadf5edc6719d07685f4b45d22e.tgz"
  dependencies:
    "@esy-ocaml/esy-installer" "^0.0.0"
    "@esy-ocaml/substs" "^0.0.1"
    yarn-pkg-config esy-ocaml/yarn-pkg-config#d488cd9321cd5036bd36ec96744ce78c5d45fc49
  peerDependencies:
    ocaml "*"

"@opam/conf-sdl2@*":
  version "1.0.0"
  uid "8e87202c69efa4fa7af223e2771911b0"
  resolved "@opam/conf-sdl2@1.0.0-8e87202c69efa4fa7af223e2771911b0.tgz"
  dependencies:
    "@esy-ocaml/esy-installer" "^0.0.0"
    "@esy-ocaml/sdl2" esy-ocaml/SDL-mirror#4c156f3b581296674a8e245bfaabdc0b8eb5e3c4
    "@esy-ocaml/substs" "^0.0.1"
    "@opam/conf-pkg-config" "*"
  peerDependencies:
    ocaml "*"

"@opam/conf-which@*":
  version "1.0.0"
  uid b7770c8a3ebbb7f8a80c925753375bb8
  resolved "@opam/conf-which@1.0.0-b7770c8a3ebbb7f8a80c925753375bb8.tgz"
  dependencies:
    "@esy-ocaml/esy-installer" "^0.0.0"
    "@esy-ocaml/substs" "^0.0.1"
  peerDependencies:
    ocaml "*"

"@opam/cppo@ >= 1.1.0", "@opam/cppo@ >= 1.1.2", "@opam/cppo@*":
  version "1.6.2"
  uid "0861c09320e0801e3fdc3a8c9251e55d"
  resolved "@opam/cppo@1.6.2-0861c09320e0801e3fdc3a8c9251e55d.tgz"
  dependencies:
    "@esy-ocaml/esy-installer" "^0.0.0"
    "@esy-ocaml/substs" "^0.0.1"
    "@opam/base-bytes" "*"
    "@opam/base-unix" "*"
    "@opam/jbuilder" " >= 1.0.0-beta17"
  peerDependencies:
    ocaml "*"

"@opam/ctypes-foreign@*":
  version "0.4.0"
  uid c3729c3cb089f9f8877c3a4a2a01ba8f
  resolved "@opam/ctypes-foreign@0.4.0-c3729c3cb089f9f8877c3a4a2a01ba8f.tgz"
  dependencies:
    "@esy-ocaml/esy-installer" "^0.0.0"
    "@esy-ocaml/substs" "^0.0.1"
  peerDependencies:
    ocaml "*"

"@opam/ctypes@ >= 0.4.0", "@opam/ctypes@ >= 0.9.0":
  version "0.13.1"
  uid d4db4db14c3732a3e7e93ca2d9bb9fd9
  resolved "@opam/ctypes@0.13.1-d4db4db14c3732a3e7e93ca2d9bb9fd9.tgz"
  dependencies:
    "@esy-ocaml/esy-installer" "^0.0.0"
    "@esy-ocaml/libffi" esy-ocaml/libffi#esy
    "@esy-ocaml/substs" "^0.0.1"
    "@opam/base-bytes" "*"
    "@opam/conf-pkg-config" "*"
    "@opam/integers" "*"
    "@opam/ocamlfind" "*"
  peerDependencies:
    ocaml " >= 4.1.0"

"@opam/easy-format@*":
  version "1.3.1"
  uid "0c2f9b085eba4175086013e7ef48ba05"
  resolved "@opam/easy-format@1.3.1-0c2f9b085eba4175086013e7ef48ba05.tgz"
  dependencies:
    "@esy-ocaml/esy-installer" "^0.0.0"
    "@esy-ocaml/substs" "^0.0.1"
    "@opam/jbuilder" "*"
  peerDependencies:
    ocaml " >= 4.2.3000"

"@opam/gg@*":
  version "0.9.2"
  uid "9ac22d11db49176ecdd422818ad8fcb9"
  resolved "@opam/gg@0.9.2-9ac22d11db49176ecdd422818ad8fcb9.tgz"
  dependencies:
    "@esy-ocaml/esy-installer" "^0.0.0"
    "@esy-ocaml/substs" "^0.0.1"
    "@opam/base-bigarray" "*"
    "@opam/ocamlbuild" "*"
    "@opam/ocamlfind" "*"
    "@opam/topkg" "*"
  peerDependencies:
    ocaml " >= 4.2.2000"

"@opam/grenier@*":
  version "0.6.0"
  uid "4ed85295ea5bd56eaf99683746acd8f5"
  resolved "@opam/grenier@0.6.0-4ed85295ea5bd56eaf99683746acd8f5.tgz"
  dependencies:
    "@esy-ocaml/esy-installer" "^0.0.0"
    "@esy-ocaml/substs" "^0.0.1"
    "@opam/ocamlfind" "*"
  peerDependencies:
    ocaml " >= 4.2.0"

"@opam/integers@*":
  version "0.2.2"
  uid "3e92901965b01e7a9a3b77134c237794"
  resolved "@opam/integers@0.2.2-3e92901965b01e7a9a3b77134c237794.tgz"
  dependencies:
    "@esy-ocaml/esy-installer" "^0.0.0"
    "@esy-ocaml/substs" "^0.0.1"
    "@opam/ocamlbuild" "*"
    "@opam/ocamlfind" "*"
    "@opam/topkg" "*"
  peerDependencies:
    ocaml "*"

"@opam/jbuilder@ >= 1.0.0-beta10", "@opam/jbuilder@ >= 1.0.0-beta14", "@opam/jbuilder@ >= 1.0.0-beta17", "@opam/jbuilder@ >= 1.0.0-beta7", "@opam/jbuilder@ >= 1.0.0-beta9", "@opam/jbuilder@*", "@opam/jbuilder@^1.0.0-beta14":
  version "1.0.0-beta17"
  uid fa843d1276caa97411fa08fad16ea291
  resolved "@opam/jbuilder@1.0.0-beta17-fa843d1276caa97411fa08fad16ea291.tgz"
  dependencies:
    "@esy-ocaml/esy-installer" "^0.0.0"
    "@esy-ocaml/substs" "^0.0.1"
    "@opam/ocamlfind" "*"
  peerDependencies:
    ocaml " >= 4.2.3000"

"@opam/lambda-term@ >= 1.2.0":
  version "1.12.0"
  uid "472857378659d1a1599183ff632c0797"
  resolved "@opam/lambda-term@1.12.0-472857378659d1a1599183ff632c0797.tgz"
  dependencies:
    "@esy-ocaml/esy-installer" "^0.0.0"
    "@esy-ocaml/substs" "^0.0.1"
    "@opam/camomile" "*"
    "@opam/jbuilder" " >= 1.0.0-beta9"
    "@opam/lwt" " >= 2.7.0"
    "@opam/lwt_react" "*"
    "@opam/react" "*"
    "@opam/zed" " >= 1.2.0"
  peerDependencies:
    ocaml " >= 4.2.3000"

"@opam/lwt@ >= 2.7.0", "@opam/lwt@ >= 3.0.0", "@opam/lwt@*":
  version "3.2.1"
  uid "0dc31662087c7ed246f43c4c81ce681e"
  resolved "@opam/lwt@3.2.1-0dc31662087c7ed246f43c4c81ce681e.tgz"
  dependencies:
    "@esy-ocaml/esy-installer" "^0.0.0"
    "@esy-ocaml/substs" "^0.0.1"
    "@opam/cppo" " >= 1.1.0"
    "@opam/jbuilder" " >= 1.0.0-beta14"
    "@opam/ocaml-migrate-parsetree" "*"
    "@opam/ocamlfind" " >= 1.7.3--1"
    "@opam/ppx_tools_versioned" " >= 5.0.1"
    "@opam/result" "*"
  peerDependencies:
    ocaml " >= 4.2.0"

"@opam/lwt_react@*":
  version "1.1.0"
  uid "20a2a8d3c6e4d1038ae9d01666a15320"
  resolved "@opam/lwt_react@1.1.0-20a2a8d3c6e4d1038ae9d01666a15320.tgz"
  dependencies:
    "@esy-ocaml/esy-installer" "^0.0.0"
    "@esy-ocaml/substs" "^0.0.1"
    "@opam/jbuilder" " >= 1.0.0-beta10"
    "@opam/lwt" " >= 3.0.0"
    "@opam/react" " >= 1.0.0"
  peerDependencies:
    ocaml "*"

"@opam/menhir@ >= 20170418.0.0  <= 20171013.0.0":
  version "20171013.0.0"
  uid "358990f51123ce9d3629e66b9ead67ee"
  resolved "@opam/menhir@20171013.0.0-358990f51123ce9d3629e66b9ead67ee.tgz"
  dependencies:
    "@esy-ocaml/esy-installer" "^0.0.0"
    "@esy-ocaml/substs" "^0.0.1"
    "@opam/ocamlbuild" "*"
    "@opam/ocamlfind" "*"
  peerDependencies:
    ocaml " >= 4.2.0"

"@opam/merlin-extend@ >= 0.3.0":
  version "0.3.0"
  uid d688ddc39d2c47f4c3083de2fa51bf7e
  resolved "@opam/merlin-extend@0.3.0-d688ddc39d2c47f4c3083de2fa51bf7e.tgz"
  dependencies:
    "@esy-ocaml/esy-installer" "^0.0.0"
    "@esy-ocaml/substs" "^0.0.1"
    "@opam/cppo" "*"
    "@opam/ocamlfind" "*"
  peerDependencies:
    ocaml " >= 4.2.3000"

"@opam/ocaml-migrate-parsetree@ >= 0.4.0", "@opam/ocaml-migrate-parsetree@*":
  version "1.0.7"
  uid "8dd63da93ee2ed29313f5b50471c94ae"
  resolved "@opam/ocaml-migrate-parsetree@1.0.7-8dd63da93ee2ed29313f5b50471c94ae.tgz"
  dependencies:
    "@esy-ocaml/esy-installer" "^0.0.0"
    "@esy-ocaml/substs" "^0.0.1"
    "@opam/jbuilder" " >= 1.0.0-beta10"
    "@opam/ocamlfind" "*"
    "@opam/result" "*"
  peerDependencies:
    ocaml " >= 4.2.0"

"@opam/ocamlbuild@ >= 0.9.3 ||  < 0.9.0", "@opam/ocamlbuild@*":
  version "0.12.0"
  uid "4d2353d6f9d4e9f658ffea64707c152a"
  resolved "@opam/ocamlbuild@0.12.0-4d2353d6f9d4e9f658ffea64707c152a.tgz"
  dependencies:
    "@esy-ocaml/esy-installer" "^0.0.0"
    "@esy-ocaml/substs" "^0.0.1"
  peerDependencies:
    ocaml " >= 4.3.0"

"@opam/ocamlfind@", "@opam/ocamlfind@ >= 1.5.0", "@opam/ocamlfind@ >= 1.5.2", "@opam/ocamlfind@ >= 1.5.3", "@opam/ocamlfind@ >= 1.6.1", "@opam/ocamlfind@ >= 1.7.2", "@opam/ocamlfind@ >= 1.7.3--1", "@opam/ocamlfind@*":
  version "1.7.3--1"
  uid "2e5446e160cfd1aae7944b2f7add39b7"
  resolved "@opam/ocamlfind@1.7.3--1-2e5446e160cfd1aae7944b2f7add39b7.tgz"
  dependencies:
    "@esy-ocaml/esy-installer" "^0.0.0"
    "@esy-ocaml/substs" "^0.0.1"
    "@opam/conf-m4" "*"
  peerDependencies:
    ocaml " >= 3.12.0"

"@opam/ocb-stubblr@*":
  version "0.1.1"
  uid "26721b335855dd7e975f84dc82833bac"
  resolved "@opam/ocb-stubblr@0.1.1-26721b335855dd7e975f84dc82833bac.tgz"
  dependencies:
    "@esy-ocaml/esy-installer" "^0.0.0"
    "@esy-ocaml/fauxpam" esy-ocaml/fauxpam
    "@esy-ocaml/substs" "^0.0.1"
    "@opam/astring" "*"
    "@opam/ocamlbuild" " >= 0.9.3 ||  < 0.9.0"
    "@opam/ocamlfind" "*"
    "@opam/topkg" " >= 0.8.1"
  peerDependencies:
    ocaml " >= 4.1.0"

"@opam/ppx_tools_versioned@ >= 5.0.1":
  version "5.1.0"
  uid "8c474fc8622c3cdf7683533fae007ea5"
  resolved "@opam/ppx_tools_versioned@5.1.0-8c474fc8622c3cdf7683533fae007ea5.tgz"
  dependencies:
    "@esy-ocaml/esy-installer" "^0.0.0"
    "@esy-ocaml/substs" "^0.0.1"
    "@opam/ocaml-migrate-parsetree" " >= 0.4.0"
    "@opam/ocamlfind" " >= 1.5.0"
  peerDependencies:
    ocaml " >= 4.2.0"

"@opam/re@*":
  version "1.7.1"
  uid e00c0af36ff712e9c64b1a50b313ee24
  resolved "@opam/re@1.7.1-e00c0af36ff712e9c64b1a50b313ee24.tgz"
  dependencies:
    "@esy-ocaml/esy-installer" "^0.0.0"
    "@esy-ocaml/substs" "^0.0.1"
    "@opam/base-bytes" "*"
    "@opam/ocamlbuild" "*"
    "@opam/ocamlfind" "*"
  peerDependencies:
    ocaml "*"

"@opam/react@ >= 1.0.0", "@opam/react@*":
  version "1.2.1"
  uid "719921829ec3b46cecefeeaefcb6cb61"
  resolved "@opam/react@1.2.1-719921829ec3b46cecefeeaefcb6cb61.tgz"
  dependencies:
    "@esy-ocaml/esy-installer" "^0.0.0"
    "@esy-ocaml/substs" "^0.0.1"
    "@opam/ocamlbuild" "*"
    "@opam/ocamlfind" "*"
    "@opam/topkg" " >= 0.9.0"
  peerDependencies:
    ocaml " >= 4.1.0"

"@opam/result@*", "@opam/result@1.2.0", "@opam/result@=1.2.0":
  version "1.2.0"
  uid "5c62071e67f4a84e28ceeaac2969d1ae"
  resolved "@opam/result@1.2.0-5c62071e67f4a84e28ceeaac2969d1ae.tgz"
  dependencies:
    "@esy-ocaml/esy-installer" "^0.0.0"
    "@esy-ocaml/substs" "^0.0.1"
  peerDependencies:
    ocaml "*"

"@opam/stb_image@*":
  version "0.4.0"
  uid "7e8a2be70a06bf22b093f1e9c744e571"
  resolved "@opam/stb_image@0.4.0-7e8a2be70a06bf22b093f1e9c744e571.tgz"
  dependencies:
    "@esy-ocaml/esy-installer" "^0.0.0"
    "@esy-ocaml/substs" "^0.0.1"
    "@opam/ocamlfind" "*"
    "@opam/result" "*"
  peerDependencies:
    ocaml "*"

"@opam/stb_truetype@*":
  version "0.5.0"
  uid "07c05fa53764857e0cfe73ce36299830"
  resolved "@opam/stb_truetype@0.5.0-07c05fa53764857e0cfe73ce36299830.tgz"
  dependencies:
    "@esy-ocaml/esy-installer" "^0.0.0"
    "@esy-ocaml/substs" "^0.0.1"
    "@opam/ocamlfind" "*"
  peerDependencies:
    ocaml " >= 4.2.0"

"@opam/tgls@*":
  version "0.8.5"
  uid "34cebce42d1816d55ae0d20a98077ec7"
  resolved "@opam/tgls@0.8.5-34cebce42d1816d55ae0d20a98077ec7.tgz"
  dependencies:
    "@esy-ocaml/esy-installer" "^0.0.0"
    "@esy-ocaml/substs" "^0.0.1"
    "@opam/base-bytes" "*"
    "@opam/ctypes" " >= 0.4.0"
    "@opam/ctypes-foreign" "*"
    "@opam/ocamlbuild" "*"
    "@opam/ocamlfind" "*"
    "@opam/topkg" "*"
  peerDependencies:
    ocaml " >= 4.1.0"

"@opam/topkg@ >= 0.8.1", "@opam/topkg@ >= 0.9.0", "@opam/topkg@*":
  version "0.9.1"
  uid "516192416bf683eb7edf2dbd649d014d"
  resolved "@opam/topkg@0.9.1-516192416bf683eb7edf2dbd649d014d.tgz"
  dependencies:
    "@esy-ocaml/esy-installer" "^0.0.0"
    "@esy-ocaml/substs" "^0.0.1"
    "@opam/ocamlbuild" "*"
    "@opam/ocamlfind" " >= 1.6.1"
    "@opam/result" "*"
  peerDependencies:
    ocaml " >= 4.1.0"

"@opam/tsdl@*":
  version "0.9.6"
  uid f5af464e114cbf051317687a88adad48
  resolved "@opam/tsdl@0.9.6-f5af464e114cbf051317687a88adad48.tgz"
  dependencies:
    "@esy-ocaml/esy-installer" "^0.0.0"
    "@esy-ocaml/fauxpam" esy-ocaml/fauxpam
    "@esy-ocaml/substs" "^0.0.1"
    "@opam/conf-sdl2" "*"
    "@opam/ctypes" " >= 0.9.0"
    "@opam/ctypes-foreign" "*"
    "@opam/ocamlbuild" "*"
    "@opam/ocamlfind" "*"
    "@opam/ocb-stubblr" "*"
    "@opam/result" "*"
    "@opam/topkg" "*"
  peerDependencies:
    ocaml " >= 4.2.0"

"@opam/utop@ >= 1.17.0":
  version "2.0.2"
  uid a769ef27599e130f0d356979ed5e07af
  resolved "@opam/utop@2.0.2-a769ef27599e130f0d356979ed5e07af.tgz"
  dependencies:
    "@esy-ocaml/esy-installer" "^0.0.0"
    "@esy-ocaml/substs" "^0.0.1"
    "@opam/base-threads" "*"
    "@opam/base-unix" "*"
    "@opam/camomile" "*"
    "@opam/cppo" " >= 1.1.2"
    "@opam/jbuilder" " >= 1.0.0-beta9"
    "@opam/lambda-term" " >= 1.2.0"
    "@opam/lwt" "*"
    "@opam/lwt_react" "*"
    "@opam/ocamlfind" " >= 1.7.2"
    "@opam/react" " >= 1.0.0"
  peerDependencies:
    ocaml " >= 4.2.3000"

"@opam/wall@let-def/wall#8b47b5ce898f6b35d6cbf92aa12baadd52f05350":
  version "0.0.1"
  resolved "https://codeload.github.com/let-def/wall/tar.gz/8b47b5ce898f6b35d6cbf92aa12baadd52f05350"
  dependencies:
    "@esy-ocaml/esy-installer" "^0.0.0"
    "@esy-ocaml/substs" "^0.0.1"
    "@opam/conf-pkg-config" "*"
    "@opam/gg" "*"
    "@opam/grenier" "*"
    "@opam/jbuilder" "*"
    "@opam/ocamlfind" ""
    "@opam/result" "*"
    "@opam/stb_image" "*"
    "@opam/stb_truetype" "*"
    "@opam/tgls" "*"
    "@opam/tsdl" "*"
  peerDependencies:
    ocaml "~4.6.0"

"@opam/yojson@*":
  version "1.4.0"
  uid "139a44cad85290f31b72aecca4e60c65"
  resolved "@opam/yojson@1.4.0-139a44cad85290f31b72aecca4e60c65.tgz"
  dependencies:
    "@esy-ocaml/esy-installer" "^0.0.0"
    "@esy-ocaml/substs" "^0.0.1"
    "@opam/biniou" " >= 1.2.0"
    "@opam/cppo" "*"
    "@opam/easy-format" "*"
    "@opam/jbuilder" "*"
  peerDependencies:
    ocaml " >= 4.2.3000"

"@opam/zed@ >= 1.2.0":
  version "1.6.0"
  uid "9a4c3157c2db719927f9648234487c6d"
  resolved "@opam/zed@1.6.0-9a4c3157c2db719927f9648234487c6d.tgz"
  dependencies:
    "@esy-ocaml/esy-installer" "^0.0.0"
    "@esy-ocaml/substs" "^0.0.1"
    "@opam/base-bytes" "*"
    "@opam/camomile" " >= 0.8.0"
    "@opam/jbuilder" " >= 1.0.0-beta9"
    "@opam/react" "*"
  peerDependencies:
    ocaml " >= 4.2.3000"

ocaml@~4.6.0:
  version "4.6.1"
  resolved "https://registry.yarnpkg.com/ocaml/-/ocaml-4.6.1.tgz#8babea2c41a9f734313b4fc1841ec0963c9d7a07"

refmterr@*:
  version "3.0.7"
  resolved "https://registry.yarnpkg.com/refmterr/-/refmterr-3.0.7.tgz#5573f34fb86fb0ead532553b871c5a7c7c5db7e3"
  dependencies:
    "@esy-ocaml/reason" "^3.0.0"
    "@opam/jbuilder" "*"
    "@opam/re" "*"
  peerDependencies:
    ocaml " >= 4.2.0  < 4.7.0"

yarn-pkg-config@esy-ocaml/yarn-pkg-config#d488cd9321cd5036bd36ec96744ce78c5d45fc49:
  version "0.29.5"
  resolved "https://codeload.github.com/esy-ocaml/yarn-pkg-config/tar.gz/d488cd9321cd5036bd36ec96744ce78c5d45fc49"
